
Microsoft Visual Studio Solution File, Format Version 12.00
# Visual Studio Version 17
VisualStudioVersion = 17.5.33516.290
MinimumVisualStudioVersion = 10.0.40219.1
Project("{FAE04EC0-301F-11D3-BF4B-00C04F79EFBC}") = "ViragShopGUI", "ViragShopGUI.csproj", "{4C21E7D4-7D13-49CF-B1D6-7EF1432E67EA}"
EndProject
Global
	GlobalSection(SolutionConfigurationPlatforms) = preSolution
		Debug|Any CPU = Debug|Any CPU
		Release|Any CPU = Release|Any CPU
	EndGlobalSection
	GlobalSection(ProjectConfigurationPlatforms) = postSolution
		{4C21E7D4-7D13-49CF-B1D6-7EF1432E67EA}.Debug|Any CPU.ActiveCfg = Debug|Any CPU
		{4C21E7D4-7D13-49CF-B1D6-7EF1432E67EA}.Debug|Any CPU.Build.0 = Debug|Any CPU
		{4C21E7D4-7D13-49CF-B1D6-7EF1432E67EA}.Release|Any CPU.ActiveCfg = Release|Any CPU
		{4C21E7D4-7D13-49CF-B1D6-7EF1432E67EA}.Release|Any CPU.Build.0 = Release|Any CPU
	EndGlobalSection
	GlobalSection(SolutionProperties) = preSolution
		HideSolutionNode = FALSE
	EndGlobalSection
	GlobalSection(ExtensibilityGlobals) = postSolution
		SolutionGuid = {B1004B24-DA54-4AA1-9B09-33E56BAA041B}
	EndGlobalSection
EndGlobal
